
Microsoft Visual Studio Solution File, Format Version 11.00
# Visual Studio 2010
Project("{FAE04EC0-301F-11D3-BF4B-00C04F79EFBC}") = "Unity.2D.Tilemap.Extras", "Unity.2D.Tilemap.Extras.csproj", "{24B1A73D-CC89-EDD5-562E-380091DDB8F0}"
EndProject
Project("{FAE04EC0-301F-11D3-BF4B-00C04F79EFBC}") = "Assembly-CSharp", "Assembly-CSharp.csproj", "{77FECFC7-F797-FC83-5800-92F655706920}"
EndProject
Project("{FAE04EC0-301F-11D3-BF4B-00C04F79EFBC}") = "Unity.2D.Tilemap.Extras.Editor", "Unity.2D.Tilemap.Extras.Editor.csproj", "{913FFEA8-BDD3-1AF3-B1E0-B500A384DFD2}"
EndProject
Project("{FAE04EC0-301F-11D3-BF4B-00C04F79EFBC}") = "Unity.2D.Tilemap.Extras.Placeholder.EditorTests", "Unity.2D.Tilemap.Extras.Placeholder.EditorTests.csproj", "{BAD0D505-7539-B74F-4BF0-456D77C580F4}"
EndProject
Global
	GlobalSection(SolutionConfigurationPlatforms) = preSolution
		Debug|Any CPU = Debug|Any CPU
		Release|Any CPU = Release|Any CPU
	EndGlobalSection
	GlobalSection(ProjectConfigurationPlatforms) = postSolution
		{24B1A73D-CC89-EDD5-562E-380091DDB8F0}.Debug|Any CPU.ActiveCfg = Debug|Any CPU
		{24B1A73D-CC89-EDD5-562E-380091DDB8F0}.Debug|Any CPU.Build.0 = Debug|Any CPU
		{24B1A73D-CC89-EDD5-562E-380091DDB8F0}.Release|Any CPU.ActiveCfg = Release|Any CPU
		{24B1A73D-CC89-EDD5-562E-380091DDB8F0}.Release|Any CPU.Build.0 = Release|Any CPU
		{77FECFC7-F797-FC83-5800-92F655706920}.Debug|Any CPU.ActiveCfg = Debug|Any CPU
		{77FECFC7-F797-FC83-5800-92F655706920}.Debug|Any CPU.Build.0 = Debug|Any CPU
		{77FECFC7-F797-FC83-5800-92F655706920}.Release|Any CPU.ActiveCfg = Release|Any CPU
		{77FECFC7-F797-FC83-5800-92F655706920}.Release|Any CPU.Build.0 = Release|Any CPU
		{913FFEA8-BDD3-1AF3-B1E0-B500A384DFD2}.Debug|Any CPU.ActiveCfg = Debug|Any CPU
		{913FFEA8-BDD3-1AF3-B1E0-B500A384DFD2}.Debug|Any CPU.Build.0 = Debug|Any CPU
		{913FFEA8-BDD3-1AF3-B1E0-B500A384DFD2}.Release|Any CPU.ActiveCfg = Release|Any CPU
		{913FFEA8-BDD3-1AF3-B1E0-B500A384DFD2}.Release|Any CPU.Build.0 = Release|Any CPU
		{BAD0D505-7539-B74F-4BF0-456D77C580F4}.Debug|Any CPU.ActiveCfg = Debug|Any CPU
		{BAD0D505-7539-B74F-4BF0-456D77C580F4}.Debug|Any CPU.Build.0 = Debug|Any CPU
		{BAD0D505-7539-B74F-4BF0-456D77C580F4}.Release|Any CPU.ActiveCfg = Release|Any CPU
		{BAD0D505-7539-B74F-4BF0-456D77C580F4}.Release|Any CPU.Build.0 = Release|Any CPU
	EndGlobalSection
	GlobalSection(SolutionProperties) = preSolution
		HideSolutionNode = FALSE
	EndGlobalSection
EndGlobal
